# THIS IS AN AUTOGENERATED FILE. DO NOT EDIT THIS FILE DIRECTLY.
# yarn lockfile v1


"@growthbunker/vuedarkmode@0.5.48":
  version "0.5.48"
  resolved "https://registry.npmjs.org/@growthbunker/vuedarkmode/-/vuedarkmode-0.5.48.tgz#097749d3033c5927e949276f664cc81b618e1ec5"
  integrity sha512-lBYDDaI/7LkNmlRhS/hxTNhh5eFiK8tYBfKzpzam4IJeTrGSStFSxWJfc9FmBXSLqtD6CtwjvBlcqIcSuPtp3g==
  dependencies:
    v-click-outside "2.1.4"
    v-hotkey "0.8.0"

"@growthbunker/vuetimeline@^0.1.17":
  version "0.1.17"
  resolved "https://registry.npmjs.org/@growthbunker/vuetimeline/-/vuetimeline-0.1.17.tgz#7596d75e73a76729644093ed0e359c4c4df1bc08"
  integrity sha512-HLQfiQRi/+1z1quiVrdlKQ5sCZBP6XPpb4e+VBa9A79XaW5oi8ygd1RtVXdh1M98ldTCesaQgEpaQ6EsR4tv3w==
  dependencies:
    "@growthbunker/vuedarkmode" "0.5.48"
    scrollreveal "4.0.5"
    timeago.js "4.0.1"

core-js@^2.6.5:
  version "2.6.12"
  resolved "https://registry.npmjs.org/core-js/-/core-js-2.6.12.tgz#d9333dfa7b065e347cc5682219d6f690859cc2ec"
  integrity sha512-Kb2wC0fvsWfQrgk8HU5lW6U/Lcs8+9aaYcy4ZFc6DDlo4nZ7n70dEgE5rtR0oG6ufKDUnrwfWL1mXR5ljDatrQ==

is-dom-node-list@^1.2.1:
  version "1.2.1"
  resolved "https://registry.npmjs.org/is-dom-node-list/-/is-dom-node-list-1.2.1.tgz#141ded0c66de759d0976800d21370bb908f2950f"
  integrity sha512-P1H071iT5TGG8pAHslhrLDo/tQLYc8tGuWABVqhGU4l2mm7aDNb9cx2myQ2AujEQO6B2cAujcW4a0/+6UfXInw==
  dependencies:
    is-dom-node "^1.0.4"

is-dom-node@^1.0.4:
  version "1.0.4"
  resolved "https://registry.npmjs.org/is-dom-node/-/is-dom-node-1.0.4.tgz#abb18af7133f1e687610cfeb274da1ced342f1c5"
  integrity sha512-NEnTHKCeyGJTL0cKdzATF8SWzyTMYf5CbNKWBvsXvyMxZG32g+a09qkeCbrfQNLTD85CbPeHb4YjIJCjyzF0yA==

miniraf@1.0.0:
  version "1.0.0"
  resolved "https://registry.npmjs.org/miniraf/-/miniraf-1.0.0.tgz#5d88e108bbdcb55b4a2ff3da337f24a13a3377e1"
  integrity sha512-XpvhtJYzVrpXe+JoAthrT9E40NIrSDDMcdHEYL2M+lR/OCas0nadetcBBq/MWYqlgV5aDWVQ3mfAqd+fG6Y/EQ==

rematrix@0.3.0:
  version "0.3.0"
  resolved "https://registry.npmjs.org/rematrix/-/rematrix-0.3.0.tgz#4f3f9156aa80ded8a8ca23785f48c6012b6dea4a"
  integrity sha512-xB/9ZvJIKaDgXX0qkvV9/pLD8zK23A6TVV6F8Vhsl+SrxbBeVYutz5uszxgC6Rt3RP9LZiH8OXaYjr+x6WXWmQ==

scrollreveal@4.0.5:
  version "4.0.5"
  resolved "https://registry.npmjs.org/scrollreveal/-/scrollreveal-4.0.5.tgz#cf83cc5d9874dc0d92ef9c89a8894e57f3f8e034"
  integrity sha512-dyQ0BPOLuoRzKAEwGgVaZsN4mxErHnuzh3Wq0ygE/PteGHeTCOubBoTzxSoix5UGLOUYMDapNAwajfQCB483aw==
  dependencies:
    miniraf "1.0.0"
    rematrix "0.3.0"
    tealight "0.3.6"

tealight@0.3.6:
  version "0.3.6"
  resolved "https://registry.npmjs.org/tealight/-/tealight-0.3.6.tgz#14c8071ce3c188972a5cb7d8a5668ca2820b4292"
  integrity sha512-Dys3N8jFBThD9pNVpPCyUiu6DfWcTBdqWQJIvnAuVaFkGEdrPBJ43070vVbn6sTlLvn2IQK2zFW4FrVIrTo8eQ==
  dependencies:
    is-dom-node "^1.0.4"
    is-dom-node-list "^1.2.1"

timeago.js@4.0.1:
  version "4.0.1"
  resolved "https://registry.npmjs.org/timeago.js/-/timeago.js-4.0.1.tgz#4be4aa19565ceaeb0da31fe14e01ce6ca4742da6"
  integrity sha512-ePzZuMoJqUc44hJbUYtY1qtzU7IammxooDCcFKogLkS5Nj+iCabR0ZlmNOFX8Dm1r5EpvR5q/PotOJli/mEPew==

v-click-outside@2.1.4:
  version "2.1.4"
  resolved "https://registry.npmjs.org/v-click-outside/-/v-click-outside-2.1.4.tgz#7d7813b09a0fd4a9d0fbccc2ca12ca7c5591e087"
  integrity sha512-NbQiwRjJjeKptI1qr1co2Ox44fUWEnj08chR1nw3DVrNCQHjb+sqlevzb1zCXMgb7orTFE0wpiecqMlbOZ15EQ==

v-hotkey@0.8.0:
  version "0.8.0"
  resolved "https://registry.npmjs.org/v-hotkey/-/v-hotkey-0.8.0.tgz#134d64b30a3eeeb53bcb00eba81fdf74e21a032a"
  integrity sha512-TWxiUbd5DPF/ClnGsa0VHw1jXX6xA8G8jNy/qFeULVz28cq8ZFz+SGNcniXj7WHazoqRUSzL20y/VDiZ+yzprw==
  dependencies:
    core-js "^2.6.5"
